
Microsoft Visual Studio Solution File, Format Version 12.00
# Visual Studio 15
Project("{FAE04EC0-301F-11D3-BF4B-00C04F79EFBC}") = "MiniTransportTycoon.Runtime", "MiniTransportTycoon.Runtime.csproj", "{EC8C8867-2445-2F26-EA36-BA7D2FC2C163}"
EndProject
Project("{FAE04EC0-301F-11D3-BF4B-00C04F79EFBC}") = "MiniTransportTycoon.GameController.EditModeTests", "MiniTransportTycoon.GameController.EditModeTests.csproj", "{D81950D7-04E1-C88B-0370-6B13EAFD7B87}"
EndProject
Global
	GlobalSection(SolutionConfigurationPlatforms) = preSolution
		Debug|Any CPU = Debug|Any CPU
		Release|Any CPU = Release|Any CPU
	EndGlobalSection
	GlobalSection(ProjectConfigurationPlatforms) = postSolution
		{EC8C8867-2445-2F26-EA36-BA7D2FC2C163}.Debug|Any CPU.ActiveCfg = Debug|Any CPU
		{EC8C8867-2445-2F26-EA36-BA7D2FC2C163}.Debug|Any CPU.Build.0 = Debug|Any CPU
		{EC8C8867-2445-2F26-EA36-BA7D2FC2C163}.Release|Any CPU.ActiveCfg = Release|Any CPU
		{EC8C8867-2445-2F26-EA36-BA7D2FC2C163}.Release|Any CPU.Build.0 = Release|Any CPU
		{D81950D7-04E1-C88B-0370-6B13EAFD7B87}.Debug|Any CPU.ActiveCfg = Debug|Any CPU
		{D81950D7-04E1-C88B-0370-6B13EAFD7B87}.Debug|Any CPU.Build.0 = Debug|Any CPU
		{D81950D7-04E1-C88B-0370-6B13EAFD7B87}.Release|Any CPU.ActiveCfg = Release|Any CPU
		{D81950D7-04E1-C88B-0370-6B13EAFD7B87}.Release|Any CPU.Build.0 = Release|Any CPU
	EndGlobalSection
	GlobalSection(SolutionProperties) = preSolution
		HideSolutionNode = FALSE
	EndGlobalSection
EndGlobal
